# Generated and reviewed for Python 3.13.1 on 2026-08-15.
# CI and container builds install this exact dependency graph.
alembic==1.19.1
amqp==5.3.1
annotated-doc==0.0.5
annotated-types==0.8.0
anyio==4.14.2
billiard==4.2.4
celery==5.6.3
certifi==2026.7.22
click==8.4.2
click-didyoumean==0.3.1
click-plugins==1.1.1.2
click-repl==0.3.0
colorama==0.4.6
coverage==7.15.4
fastapi==0.141.1
greenlet==3.5.5
h11==0.16.0
httpcore==1.0.9
httptools==0.8.0
httpx==0.28.1
idna==3.18
iniconfig==2.3.0
kombu==5.6.2
librt==0.15.0
Mako==1.4.1
MarkupSafe==3.0.3
mypy==1.20.2
mypy_extensions==1.1.0
packaging==26.3
pathspec==1.1.1
pluggy==1.6.0
prompt_toolkit==3.0.53
psycopg==3.3.4
psycopg-binary==3.3.4
pydantic==2.13.4
pydantic-settings==2.15.0
pydantic_core==2.46.4
Pygments==2.20.0
pip==26.1.2
pytest==9.0.3
pytest-asyncio==1.4.0
pytest-cov==6.3.0
python-dateutil==2.9.0.post0
python-dotenv==1.2.2
python-json-logger==3.3.0
PyYAML==6.0.3
redis==6.4.0
ruff==0.16.3
six==1.17.0
SQLAlchemy==2.0.52
starlette==1.6.0
typing-inspection==0.4.4
typing_extensions==4.16.0
tzdata==2026.3
tzlocal==5.4.4
uvicorn==0.52.3
vine==5.1.0
watchfiles==1.2.0
wcwidth==0.8.2
websockets==17.0.1
